// !$*UTF8*$!
{
	archiveVersion = 1;
	classes = {
	};
	objectVersion = 46;
	objects = {

/* Begin PBXBuildFile section */
		BD9D998B196299FB003641CD /* Foundation.framework in Frameworks */ = {isa = PBXBuildFile; fileRef = BD9D998A196299FB003641CD /* Foundation.framework */; };
		BD9D998D196299FB003641CD /* CoreGraphics.framework in Frameworks */ = {isa = PBXBuildFile; fileRef = BD9D998C196299FB003641CD /* CoreGraphics.framework */; };
		BD9D998F196299FB003641CD /* UIKit.framework in Frameworks */ = {isa = PBXBuildFile; fileRef = BD9D998E196299FB003641CD /* UIKit.framework */; };
		BD9D9995196299FB003641CD /* InfoPlist.strings in Resources */ = {isa = PBXBuildFile; fileRef = BD9D9993196299FB003641CD /* InfoPlist.strings */; };
		BD9D9997196299FB003641CD /* main.m in Sources */ = {isa = PBXBuildFile; fileRef = BD9D9996196299FB003641CD /* main.m */; };
		BD9D999B196299FB003641CD /* SNAppDelegate.m in Sources */ = {isa = PBXBuildFile; fileRef = BD9D999A196299FB003641CD /* SNAppDelegate.m */; };
		BD9D999E196299FB003641CD /* Main.storyboard in Resources */ = {isa = PBXBuildFile; fileRef = BD9D999C196299FB003641CD /* Main.storyboard */; };
		BD9D99A1196299FB003641CD /* SNViewController.m in Sources */ = {isa = PBXBuildFile; fileRef = BD9D99A0196299FB003641CD /* SNViewController.m */; };
		BD9D99A3196299FB003641CD /* Images.xcassets in Resources */ = {isa = PBXBuildFile; fileRef = BD9D99A2196299FB003641CD /* Images.xcassets */; };
		BD9D99AA196299FB003641CD /* XCTest.framework in Frameworks */ = {isa = PBXBuildFile; fileRef = BD9D99A9196299FB003641CD /* XCTest.framework */; };
		BD9D99AB196299FB003641CD /* Foundation.framework in Frameworks */ = {isa = PBXBuildFile; fileRef = BD9D998A196299FB003641CD /* Foundation.framework */; };
		BD9D99AC196299FB003641CD /* UIKit.framework in Frameworks */ = {isa = PBXBuildFile; fileRef = BD9D998E196299FB003641CD /* UIKit.framework */; };
		BD9D99B4196299FB003641CD /* InfoPlist.strings in Resources */ = {isa = PBXBuildFile; fileRef = BD9D99B2196299FB003641CD /* InfoPlist.strings */; };
		BD9D99B6196299FB003641CD /* exploreAnimationTests.m in Sources */ = {isa = PBXBuildFile; fileRef = BD9D99B5196299FB003641CD /* exploreAnimationTests.m */; };
/* End PBXBuildFile section */

/* Begin PBXContainerItemProxy section */
		BD9D99AD196299FB003641CD /* PBXContainerItemProxy */ = {
			isa = PBXContainerItemProxy;
			containerPortal = BD9D997F196299FB003641CD /* Project object */;
			proxyType = 1;
			remoteGlobalIDString = BD9D9986196299FB003641CD;
			remoteInfo = exploreAnimation;
		};
/* End PBXContainerItemProxy section */

/* Begin PBXFileReference section */
		BD9D9987196299FB003641CD /* exploreAnimation.app */ = {isa = PBXFileReference; explicitFileType = wrapper.application; includeInIndex = 0; path = exploreAnimation.app; sourceTree = BUILT_PRODUCTS_DIR; };
		BD9D998A196299FB003641CD /* Foundation.framework */ = {isa = PBXFileReference; lastKnownFileType = wrapper.framework; name = Foundation.framework; path = System/Library/Frameworks/Foundation.framework; sourceTree = SDKROOT; };
		BD9D998C196299FB003641CD /* CoreGraphics.framework */ = {isa = PBXFileReference; lastKnownFileType = wrapper.framework; name = CoreGraphics.framework; path = System/Library/Frameworks/CoreGraphics.framework; sourceTree = SDKROOT; };
		BD9D998E196299FB003641CD /* UIKit.framework */ = {isa = PBXFileReference; lastKnownFileType = wrapper.framework; name = UIKit.framework; path = System/Library/Frameworks/UIKit.framework; sourceTree = SDKROOT; };
		BD9D9992196299FB003641CD /* exploreAnimation-Info.plist */ = {isa = PBXFileReference; lastKnownFileType = text.plist.xml; path = "exploreAnimation-Info.plist"; sourceTree = "<group>"; };
		BD9D9994196299FB003641CD /* en */ = {isa = PBXFileReference; lastKnownFileType = text.plist.strings; name = en; path = en.lproj/InfoPlist.strings; sourceTree = "<group>"; };
		BD9D9996196299FB003641CD /* main.m */ = {isa = PBXFileReference; lastKnownFileType = sourcecode.c.objc; path = main.m; sourceTree = "<group>"; };
		BD9D9998196299FB003641CD /* exploreAnimation-Prefix.pch */ = {isa = PBXFileReference; lastKnownFileType = sourcecode.c.h; path = "exploreAnimation-Prefix.pch"; sourceTree = "<group>"; };
		BD9D9999196299FB003641CD /* SNAppDelegate.h */ = {isa = PBXFileReference; lastKnownFileType = sourcecode.c.h; path = SNAppDelegate.h; sourceTree = "<group>"; };
		BD9D999A196299FB003641CD /* SNAppDelegate.m */ = {isa = PBXFileReference; lastKnownFileType = sourcecode.c.objc; path = SNAppDelegate.m; sourceTree = "<group>"; };
		BD9D999D196299FB003641CD /* Base */ = {isa = PBXFileReference; lastKnownFileType = file.storyboard; name = Base; path = Base.lproj/Main.storyboard; sourceTree = "<group>"; };
		BD9D999F196299FB003641CD /* SNViewController.h */ = {isa = PBXFileReference; lastKnownFileType = sourcecode.c.h; path = SNViewController.h; sourceTree = "<group>"; };
		BD9D99A0196299FB003641CD /* SNViewController.m */ = {isa = PBXFileReference; lastKnownFileType = sourcecode.c.objc; path = SNViewController.m; sourceTree = "<group>"; };
		BD9D99A2196299FB003641CD /* Images.xcassets */ = {isa = PBXFileReference; lastKnownFileType = folder.assetcatalog; path = Images.xcassets; sourceTree = "<group>"; };
		BD9D99A8196299FB003641CD /* exploreAnimationTests.xctest */ = {isa = PBXFileReference; explicitFileType = wrapper.cfbundle; includeInIndex = 0; path = exploreAnimationTests.xctest; sourceTree = BUILT_PRODUCTS_DIR; };
		BD9D99A9196299FB003641CD /* XCTest.framework */ = {isa = PBXFileReference; lastKnownFileType = wrapper.framework; name = XCTest.framework; path = Library/Frameworks/XCTest.framework; sourceTree = DEVELOPER_DIR; };
		BD9D99B1196299FB003641CD /* exploreAnimationTests-Info.plist */ = {isa = PBXFileReference; lastKnownFileType = text.plist.xml; path = "exploreAnimationTests-Info.plist"; sourceTree = "<group>"; };
		BD9D99B3196299FB003641CD /* en */ = {isa = PBXFileReference; lastKnownFileType = text.plist.strings; name = en; path = en.lproj/InfoPlist.strings; sourceTree = "<group>"; };
		BD9D99B5196299FB003641CD /* exploreAnimationTests.m */ = {isa = PBXFileReference; lastKnownFileType = sourcecode.c.objc; path = exploreAnimationTests.m; sourceTree = "<group>"; };
/* End PBXFileReference section */

/* Begin PBXFrameworksBuildPhase section */
		BD9D9984196299FB003641CD /* Frameworks */ = {
			isa = PBXFrameworksBuildPhase;
			buildActionMask = 2147483647;
			files = (
				BD9D998D196299FB003641CD /* CoreGraphics.framework in Frameworks */,
				BD9D998F196299FB003641CD /* UIKit.framework in Frameworks */,
				BD9D998B196299FB003641CD /* Foundation.framework in Frameworks */,
			);
			runOnlyForDeploymentPostprocessing = 0;
		};
		BD9D99A5196299FB003641CD /* Frameworks */ = {
			isa = PBXFrameworksBuildPhase;
			buildActionMask = 2147483647;
			files = (
				BD9D99AA196299FB003641CD /* XCTest.framework in Frameworks */,
				BD9D99AC196299FB003641CD /* UIKit.framework in Frameworks */,
				BD9D99AB196299FB003641CD /* Foundation.framework in Frameworks */,
			);
			runOnlyForDeploymentPostprocessing = 0;
		};
/* End PBXFrameworksBuildPhase section */

/* Begin PBXGroup section */
		BD9D997E196299FB003641CD = {
			isa = PBXGroup;
			children = (
				BD9D9990196299FB003641CD /* exploreAnimation */,
				BD9D99AF196299FB003641CD /* exploreAnimationTests */,
				BD9D9989196299FB003641CD /* Frameworks */,
				BD9D9988196299FB003641CD /* Products */,
			);
			sourceTree = "<group>";
		};
		BD9D9988196299FB003641CD /* Products */ = {
			isa = PBXGroup;
			children = (
				BD9D9987196299FB003641CD /* exploreAnimation.app */,
				BD9D99A8196299FB003641CD /* exploreAnimationTests.xctest */,
			);
			name = Products;
			sourceTree = "<group>";
		};
		BD9D9989196299FB003641CD /* Frameworks */ = {
			isa = PBXGroup;
			children = (
				BD9D998A196299FB003641CD /* Foundation.framework */,
				BD9D998C196299FB003641CD /* CoreGraphics.framework */,
				BD9D998E196299FB003641CD /* UIKit.framework */,
				BD9D99A9196299FB003641CD /* XCTest.framework */,
			);
			name = Frameworks;
			sourceTree = "<group>";
		};
		BD9D9990196299FB003641CD /* exploreAnimation */ = {
			isa = PBXGroup;
			children = (
				BD9D9999196299FB003641CD /* SNAppDelegate.h */,
				BD9D999A196299FB003641CD /* SNAppDelegate.m */,
				BD9D999C196299FB003641CD /* Main.storyboard */,
				BD9D999F196299FB003641CD /* SNViewController.h */,
				BD9D99A0196299FB003641CD /* SNViewController.m */,
				BD9D99A2196299FB003641CD /* Images.xcassets */,
				BD9D9991196299FB003641CD /* Supporting Files */,
			);
			path = exploreAnimation;
			sourceTree = "<group>";
		};
		BD9D9991196299FB003641CD /* Supporting Files */ = {
			isa = PBXGroup;
			children = (
				BD9D9992196299FB003641CD /* exploreAnimation-Info.plist */,
				BD9D9993196299FB003641CD /* InfoPlist.strings */,
				BD9D9996196299FB003641CD /* main.m */,
				BD9D9998196299FB003641CD /* exploreAnimation-Prefix.pch */,
			);
			name = "Supporting Files";
			sourceTree = "<group>";
		};
		BD9D99AF196299FB003641CD /* exploreAnimationTests */ = {
			isa = PBXGroup;
			children = (
				BD9D99B5196299FB003641CD /* exploreAnimationTests.m */,
				BD9D99B0196299FB003641CD /* Supporting Files */,
			);
			path = exploreAnimationTests;
			sourceTree = "<group>";
		};
		BD9D99B0196299FB003641CD /* Supporting Files */ = {
			isa = PBXGroup;
			children = (
				BD9D99B1196299FB003641CD /* exploreAnimationTests-Info.plist */,
				BD9D99B2196299FB003641CD /* InfoPlist.strings */,
			);
			name = "Supporting Files";
			sourceTree = "<group>";
		};
/* End PBXGroup section */

/* Begin PBXNativeTarget section */
		BD9D9986196299FB003641CD /* exploreAnimation */ = {
			isa = PBXNativeTarget;
			buildConfigurationList = BD9D99B9196299FB003641CD /* Build configuration list for PBXNativeTarget "exploreAnimation" */;
			buildPhases = (
				BD9D9983196299FB003641CD /* Sources */,
				BD9D9984196299FB003641CD /* Frameworks */,
				BD9D9985196299FB003641CD /* Resources */,
			);
			buildRules = (
			);
			dependencies = (
			);
			name = exploreAnimation;
			productName = exploreAnimation;
			productReference = BD9D9987196299FB003641CD /* exploreAnimation.app */;
			productType = "com.apple.product-type.application";
		};
		BD9D99A7196299FB003641CD /* exploreAnimationTests */ = {
			isa = PBXNativeTarget;
			buildConfigurationList = BD9D99BC196299FB003641CD /* Build configuration list for PBXNativeTarget "exploreAnimationTests" */;
			buildPhases = (
				BD9D99A4196299FB003641CD /* Sources */,
				BD9D99A5196299FB003641CD /* Frameworks */,
				BD9D99A6196299FB003641CD /* Resources */,
			);
			buildRules = (
			);
			dependencies = (
				BD9D99AE196299FB003641CD /* PBXTargetDependency */,
			);
			name = exploreAnimationTests;
			productName = exploreAnimationTests;
			productReference = BD9D99A8196299FB003641CD /* exploreAnimationTests.xctest */;
			productType = "com.apple.product-type.bundle.unit-test";
		};
/* End PBXNativeTarget section */

/* Begin PBXProject section */
		BD9D997F196299FB003641CD /* Project object */ = {
			isa = PBXProject;
			attributes = {
				CLASSPREFIX = SN;
				LastUpgradeCheck = 0510;
				ORGANIZATIONNAME = snail;
				TargetAttributes = {
					BD9D99A7196299FB003641CD = {
						TestTargetID = BD9D9986196299FB003641CD;
					};
				};
			};
			buildConfigurationList = BD9D9982196299FB003641CD /* Build configuration list for PBXProject "exploreAnimation" */;
			compatibilityVersion = "Xcode 3.2";
			developmentRegion = English;
			hasScannedForEncodings = 0;
			knownRegions = (
				en,
				Base,
			);
			mainGroup = BD9D997E196299FB003641CD;
			productRefGroup = BD9D9988196299FB003641CD /* Products */;
			projectDirPath = "";
			projectRoot = "";
			targets = (
				BD9D9986196299FB003641CD /* exploreAnimation */,
				BD9D99A7196299FB003641CD /* exploreAnimationTests */,
			);
		};
/* End PBXProject section */

/* Begin PBXResourcesBuildPhase section */
		BD9D9985196299FB003641CD /* Resources */ = {
			isa = PBXResourcesBuildPhase;
			buildActionMask = 2147483647;
			files = (
				BD9D99A3196299FB003641CD /* Images.xcassets in Resources */,
				BD9D9995196299FB003641CD /* InfoPlist.strings in Resources */,
				BD9D999E196299FB003641CD /* Main.storyboard in Resources */,
			);
			runOnlyForDeploymentPostprocessing = 0;
		};
		BD9D99A6196299FB003641CD /* Resources */ = {
			isa = PBXResourcesBuildPhase;
			buildActionMask = 2147483647;
			files = (
				BD9D99B4196299FB003641CD /* InfoPlist.strings in Resources */,
			);
			runOnlyForDeploymentPostprocessing = 0;
		};
/* End PBXResourcesBuildPhase section */

/* Begin PBXSourcesBuildPhase section */
		BD9D9983196299FB003641CD /* Sources */ = {
			isa = PBXSourcesBuildPhase;
			buildActionMask = 2147483647;
			files = (
				BD9D9997196299FB003641CD /* main.m in Sources */,
				BD9D99A1196299FB003641CD /* SNViewController.m in Sources */,
				BD9D999B196299FB003641CD /* SNAppDelegate.m in Sources */,
			);
			runOnlyForDeploymentPostprocessing = 0;
		};
		BD9D99A4196299FB003641CD /* Sources */ = {
			isa = PBXSourcesBuildPhase;
			buildActionMask = 2147483647;
			files = (
				BD9D99B6196299FB003641CD /* exploreAnimationTests.m in Sources */,
			);
			runOnlyForDeploymentPostprocessing = 0;
		};
/* End PBXSourcesBuildPhase section */

/* Begin PBXTargetDependency section */
		BD9D99AE196299FB003641CD /* PBXTargetDependency */ = {
			isa = PBXTargetDependency;
			target = BD9D9986196299FB003641CD /* exploreAnimation */;
			targetProxy = BD9D99AD196299FB003641CD /* PBXContainerItemProxy */;
		};
/* End PBXTargetDependency section */

/* Begin PBXVariantGroup section */
		BD9D9993196299FB003641CD /* InfoPlist.strings */ = {
			isa = PBXVariantGroup;
			children = (
				BD9D9994196299FB003641CD /* en */,
			);
			name = InfoPlist.strings;
			sourceTree = "<group>";
		};
		BD9D999C196299FB003641CD /* Main.storyboard */ = {
			isa = PBXVariantGroup;
			children = (
				BD9D999D196299FB003641CD /* Base */,
			);
			name = Main.storyboard;
			sourceTree = "<group>";
		};
		BD9D99B2196299FB003641CD /* InfoPlist.strings */ = {
			isa = PBXVariantGroup;
			children = (
				BD9D99B3196299FB003641CD /* en */,
			);
			name = InfoPlist.strings;
			sourceTree = "<group>";
		};
/* End PBXVariantGroup section */

/* Begin XCBuildConfiguration section */
		BD9D99B7196299FB003641CD /* Debug */ = {
			isa = XCBuildConfiguration;
			buildSettings = {
				ALWAYS_SEARCH_USER_PATHS = NO;
				CLANG_CXX_LANGUAGE_STANDARD = "gnu++0x";
				CLANG_CXX_LIBRARY = "libc++";
				CLANG_ENABLE_MODULES = YES;
				CLANG_ENABLE_OBJC_ARC = YES;
				CLANG_WARN_BOOL_CONVERSION = YES;
				CLANG_WARN_CONSTANT_CONVERSION = YES;
				CLANG_WARN_DIRECT_OBJC_ISA_USAGE = YES_ERROR;
				CLANG_WARN_EMPTY_BODY = YES;
				CLANG_WARN_ENUM_CONVERSION = YES;
				CLANG_WARN_INT_CONVERSION = YES;
				CLANG_WARN_OBJC_ROOT_CLASS = YES_ERROR;
				CLANG_WARN__DUPLICATE_METHOD_MATCH = YES;
				"CODE_SIGN_IDENTITY[sdk=iphoneos*]" = "iPhone Developer";
				COPY_PHASE_STRIP = NO;
				GCC_C_LANGUAGE_STANDARD = gnu99;
				GCC_DYNAMIC_NO_PIC = NO;
				GCC_OPTIMIZATION_LEVEL = 0;
				GCC_PREPROCESSOR_DEFINITIONS = (
					"DEBUG=1",
					"$(inherited)",
				);
				GCC_SYMBOLS_PRIVATE_EXTERN = NO;
				GCC_WARN_64_TO_32_BIT_CONVERSION = YES;
				GCC_WARN_ABOUT_RETURN_TYPE = YES_ERROR;
				GCC_WARN_UNDECLARED_SELECTOR = YES;
				GCC_WARN_UNINITIALIZED_AUTOS = YES_AGGRESSIVE;
				GCC_WARN_UNUSED_FUNCTION = YES;
				GCC_WARN_UNUSED_VARIABLE = YES;
				IPHONEOS_DEPLOYMENT_TARGET = 7.1;
				ONLY_ACTIVE_ARCH = YES;
				SDKROOT = iphoneos;
			};
			name = Debug;
		};
		BD9D99B8196299FB003641CD /* Release */ = {
			isa = XCBuildConfiguration;
			buildSettings = {
				ALWAYS_SEARCH_USER_PATHS = NO;
				CLANG_CXX_LANGUAGE_STANDARD = "gnu++0x";
				CLANG_CXX_LIBRARY = "libc++";
				CLANG_ENABLE_MODULES = YES;
				CLANG_ENABLE_OBJC_ARC = YES;
				CLANG_WARN_BOOL_CONVERSION = YES;
				CLANG_WARN_CONSTANT_CONVERSION = YES;
				CLANG_WARN_DIRECT_OBJC_ISA_USAGE = YES_ERROR;
				CLANG_WARN_EMPTY_BODY = YES;
				CLANG_WARN_ENUM_CONVERSION = YES;
				CLANG_WARN_INT_CONVERSION = YES;
				CLANG_WARN_OBJC_ROOT_CLASS = YES_ERROR;
				CLANG_WARN__DUPLICATE_METHOD_MATCH = YES;
				"CODE_SIGN_IDENTITY[sdk=iphoneos*]" = "iPhone Developer";
				COPY_PHASE_STRIP = YES;
				ENABLE_NS_ASSERTIONS = NO;
				GCC_C_LANGUAGE_STANDARD = gnu99;
				GCC_WARN_64_TO_32_BIT_CONVERSION = YES;
				GCC_WARN_ABOUT_RETURN_TYPE = YES_ERROR;
				GCC_WARN_UNDECLARED_SELECTOR = YES;
				GCC_WARN_UNINITIALIZED_AUTOS = YES_AGGRESSIVE;
				GCC_WARN_UNUSED_FUNCTION = YES;
				GCC_WARN_UNUSED_VARIABLE = YES;
				IPHONEOS_DEPLOYMENT_TARGET = 7.1;
				SDKROOT = iphoneos;
				VALIDATE_PRODUCT = YES;
			};
			name = Release;
		};
		BD9D99BA196299FB003641CD /* Debug */ = {
			isa = XCBuildConfiguration;
			buildSettings = {
				ASSETCATALOG_COMPILER_APPICON_NAME = AppIcon;
				ASSETCATALOG_COMPILER_LAUNCHIMAGE_NAME = LaunchImage;
				GCC_PRECOMPILE_PREFIX_HEADER = YES;
				GCC_PREFIX_HEADER = "exploreAnimation/exploreAnimation-Prefix.pch";
				INFOPLIST_FILE = "exploreAnimation/exploreAnimation-Info.plist";
				PRODUCT_NAME = "$(TARGET_NAME)";
				WRAPPER_EXTENSION = app;
			};
			name = Debug;
		};
		BD9D99BB196299FB003641CD /* Release */ = {
			isa = XCBuildConfiguration;
			buildSettings = {
				ASSETCATALOG_COMPILER_APPICON_NAME = AppIcon;
				ASSETCATALOG_COMPILER_LAUNCHIMAGE_NAME = LaunchImage;
				GCC_PRECOMPILE_PREFIX_HEADER = YES;
				GCC_PREFIX_HEADER = "exploreAnimation/exploreAnimation-Prefix.pch";
				INFOPLIST_FILE = "exploreAnimation/exploreAnimation-Info.plist";
				PRODUCT_NAME = "$(TARGET_NAME)";
				WRAPPER_EXTENSION = app;
			};
			name = Release;
		};
		BD9D99BD196299FB003641CD /* Debug */ = {
			isa = XCBuildConfiguration;
			buildSettings = {
				BUNDLE_LOADER = "$(BUILT_PRODUCTS_DIR)/exploreAnimation.app/exploreAnimation";
				FRAMEWORK_SEARCH_PATHS = (
					"$(SDKROOT)/Developer/Library/Frameworks",
					"$(inherited)",
					"$(DEVELOPER_FRAMEWORKS_DIR)",
				);
				GCC_PRECOMPILE_PREFIX_HEADER = YES;
				GCC_PREFIX_HEADER = "exploreAnimation/exploreAnimation-Prefix.pch";
				GCC_PREPROCESSOR_DEFINITIONS = (
					"DEBUG=1",
					"$(inherited)",
				);
				INFOPLIST_FILE = "exploreAnimationTests/exploreAnimationTests-Info.plist";
				PRODUCT_NAME = "$(TARGET_NAME)";
				TEST_HOST = "$(BUNDLE_LOADER)";
				WRAPPER_EXTENSION = xctest;
			};
			name = Debug;
		};
		BD9D99BE196299FB003641CD /* Release */ = {
			isa = XCBuildConfiguration;
			buildSettings = {
				BUNDLE_LOADER = "$(BUILT_PRODUCTS_DIR)/exploreAnimation.app/exploreAnimation";
				FRAMEWORK_SEARCH_PATHS = (
					"$(SDKROOT)/Developer/Library/Frameworks",
					"$(inherited)",
					"$(DEVELOPER_FRAMEWORKS_DIR)",
				);
				GCC_PRECOMPILE_PREFIX_HEADER = YES;
				GCC_PREFIX_HEADER = "exploreAnimation/exploreAnimation-Prefix.pch";
				INFOPLIST_FILE = "exploreAnimationTests/exploreAnimationTests-Info.plist";
				PRODUCT_NAME = "$(TARGET_NAME)";
				TEST_HOST = "$(BUNDLE_LOADER)";
				WRAPPER_EXTENSION = xctest;
			};
			name = Release;
		};
/* End XCBuildConfiguration section */

/* Begin XCConfigurationList section */
		BD9D9982196299FB003641CD /* Build configuration list for PBXProject "exploreAnimation" */ = {
			isa = XCConfigurationList;
			buildConfigurations = (
				BD9D99B7196299FB003641CD /* Debug */,
				BD9D99B8196299FB003641CD /* Release */,
			);
			defaultConfigurationIsVisible = 0;
			defaultConfigurationName = Release;
		};
		BD9D99B9196299FB003641CD /* Build configuration list for PBXNativeTarget "exploreAnimation" */ = {
			isa = XCConfigurationList;
			buildConfigurations = (
				BD9D99BA196299FB003641CD /* Debug */,
				BD9D99BB196299FB003641CD /* Release */,
			);
			defaultConfigurationIsVisible = 0;
		};
		BD9D99BC196299FB003641CD /* Build configuration list for PBXNativeTarget "exploreAnimationTests" */ = {
			isa = XCConfigurationList;
			buildConfigurations = (
				BD9D99BD196299FB003641CD /* Debug */,
				BD9D99BE196299FB003641CD /* Release */,
			);
			defaultConfigurationIsVisible = 0;
		};
/* End XCConfigurationList section */
	};
	rootObject = BD9D997F196299FB003641CD /* Project object */;
}
